hash: 22545ac68f21982900dbb5b2faea81f79353f5b1f6ac6c668760888840b49455
updated: 2016-12-25T22:47:51.660389252-08:00
imports:
- name: github.com/blevesearch/segment
  version: db70c57796cc8c310613541dfade3dce627d09c7
- name: golang.org/x/text
  version: a49bea13b776691cb1b49873e5d8df96ec74831a
  subpackages:
  - runes
  - transform
  - unicode/norm
testImports: []
