hash: 41b4c08dd097cecf46065aaa50c12aefa49573887151adcb46ed699d99a698fd
updated: 2016-12-25T22:03:43.945584714-08:00
imports:
- name: github.com/blevesearch/segment
  version: db70c57796cc8c310613541dfade3dce627d09c7
- name: golang.org/x/text
  version: a49bea13b776691cb1b49873e5d8df96ec74831a
  subpackages:
  - runes
  - transform
  - unicode/norm
testImports: []
